{
    "name": "node-red-contrib-daylight-rgbw",
    "version": "0.1.0",
    "lockfileVersion": 1,
    "requires": true,
    "dependencies": {
        "bluebird": {
            "version": "3.5.2",
            "resolved": "https://registry.npmjs.org/bluebird/-/bluebird-3.5.2.tgz",
            "integrity": "sha512-dhHTWMI7kMx5whMQntl7Vr9C6BvV10lFXDAasnqnrMYhXVCzzk6IO9Fo2L75jXHT07WrOngL1WDXOp+yYS91Yg=="
        },
        "color-temperature": {
            "version": "0.2.7",
            "resolved": "https://registry.npmjs.org/color-temperature/-/color-temperature-0.2.7.tgz",
            "integrity": "sha1-bDKtndnA/gfM8thoBzR4FxIzK0A="
        },
        "suncalc": {
            "version": "1.8.0",
            "resolved": "https://registry.npmjs.org/suncalc/-/suncalc-1.8.0.tgz",
            "integrity": "sha1-HZiYEJVjB4dQ9JlKlZ5lTYdqy/U="
        }
    }
}
